
Microsoft Visual Studio Solution File, Format Version 12.00
# Visual Studio Version 17
VisualStudioVersion = 17.0.31903.59
MinimumVisualStudioVersion = 10.0.40219.1
Project("{FAE04EC0-301F-11D3-BF4B-00C04F79EFBC}") = "Blade", "Blade\Blade.csproj", "{FC231FA9-F2FC-4BA6-8CEC-F06DF0FED842}"
EndProject
Project("{FAE04EC0-301F-11D3-BF4B-00C04F79EFBC}") = "Example", "Example\Example.csproj", "{4EF1CF3B-D729-46AE-BC46-543434B2048D}"
EndProject
Global
	GlobalSection(SolutionConfigurationPlatforms) = preSolution
		Debug|Any CPU = Debug|Any CPU
		Release|Any CPU = Release|Any CPU
	EndGlobalSection
	GlobalSection(SolutionProperties) = preSolution
		HideSolutionNode = FALSE
	EndGlobalSection
	GlobalSection(ProjectConfigurationPlatforms) = postSolution
		{FC231FA9-F2FC-4BA6-8CEC-F06DF0FED842}.Debug|Any CPU.ActiveCfg = Debug|Any CPU
		{FC231FA9-F2FC-4BA6-8CEC-F06DF0FED842}.Debug|Any CPU.Build.0 = Debug|Any CPU
		{FC231FA9-F2FC-4BA6-8CEC-F06DF0FED842}.Release|Any CPU.ActiveCfg = Release|Any CPU
		{FC231FA9-F2FC-4BA6-8CEC-F06DF0FED842}.Release|Any CPU.Build.0 = Release|Any CPU
		{4EF1CF3B-D729-46AE-BC46-543434B2048D}.Debug|Any CPU.ActiveCfg = Debug|Any CPU
		{4EF1CF3B-D729-46AE-BC46-543434B2048D}.Debug|Any CPU.Build.0 = Debug|Any CPU
		{4EF1CF3B-D729-46AE-BC46-543434B2048D}.Release|Any CPU.ActiveCfg = Release|Any CPU
		{4EF1CF3B-D729-46AE-BC46-543434B2048D}.Release|Any CPU.Build.0 = Release|Any CPU
	EndGlobalSection
EndGlobal
